github.com/GehirnInc/crypt v0.0.0-20200316065508-bb7000b8a962 h1:KeNholpO2xKjgaaSyd+DyQRrsQjhbSeS7qe4nEw8aQw=
github.com/GehirnInc/crypt v0.0.0-20200316065508-bb7000b8a962/go.mod h1:kC29dT1vFpj7py2OvG1khBdQpo3kInWP+6QipLbdngo=
github.com/tg123/go-htpasswd v1.2.3 h1:ALR6ZBIc2m9u70m+eAWUFt5p43ISbIvAvRFYzZPTOY8=
github.com/tg123/go-htpasswd v1.2.3/go.mod h1:FcIrK0J+6zptgVwK1JDlqyajW/1B4PtuJ/FLWl7nx8A=
github.com/tredoe/osutil v1.5.0 h1:UGVxbbHRoZi8xXVmbNZ2vgG6XoJ15ndE4LniiQ3rJKg=
github.com/tredoe/osutil v1.5.0/go.mod h1:TEzphzUUunysbdDRfdOgqkg10POQbnfIPV50ynqOfIg=
golang.org/x/crypto v0.32.0 h1:euUpcYgM8WcP71gNpTqQCn6rC2t6ULUPiOzfWaXVVfc=
golang.org/x/crypto v0.32.0/go.mod h1:ZnnJkOaASj8g0AjIduWNlq2NRxL0PlBrbKVyZ6V/Ugc=
